
Microsoft Visual Studio Solution File, Format Version 12.00
# Visual Studio Version 16
VisualStudioVersion = 16.0.30611.23
MinimumVisualStudioVersion = 10.0.40219.1
Project("{9A19103F-16F7-4668-BE54-9A1E7A4F7556}") = "CreditCardService", "CreditCardService\CreditCardService.csproj", "{EB2CF6D4-1CE9-416D-B44B-2C9649976DE3}"
EndProject
Project("{E24C65DC-7377-472B-9ABA-BC803B73C61A}") = "CreditCardCRUDApp", "CreditCardCRUDApp\", "{007BD4FD-3E37-4702-9232-421AC0E8065F}"
	ProjectSection(WebsiteProperties) = preProject
		TargetFrameworkMoniker = ".NETFramework,Version%3Dv4.0"
		Debug.AspNetCompiler.VirtualPath = "/localhost_52931"
		Debug.AspNetCompiler.PhysicalPath = "CreditCardCRUDApp\"
		Debug.AspNetCompiler.TargetPath = "PrecompiledWeb\localhost_52931\"
		Debug.AspNetCompiler.Updateable = "true"
		Debug.AspNetCompiler.ForceOverwrite = "true"
		Debug.AspNetCompiler.FixedNames = "false"
		Debug.AspNetCompiler.Debug = "True"
		Release.AspNetCompiler.VirtualPath = "/localhost_52931"
		Release.AspNetCompiler.PhysicalPath = "CreditCardCRUDApp\"
		Release.AspNetCompiler.TargetPath = "PrecompiledWeb\localhost_52931\"
		Release.AspNetCompiler.Updateable = "true"
		Release.AspNetCompiler.ForceOverwrite = "true"
		Release.AspNetCompiler.FixedNames = "false"
		Release.AspNetCompiler.Debug = "False"
		VWDPort = "52931"
		SlnRelativePath = "CreditCardCRUDApp\"
	EndProjectSection
EndProject
Project("{FAE04EC0-301F-11D3-BF4B-00C04F79EFBC}") = "CreditCardService-Test", "CreditCardService-Test\CreditCardService-Test.csproj", "{617EE2CC-4F0A-4C94-8191-25F4E3012270}"
EndProject
Global
	GlobalSection(SolutionConfigurationPlatforms) = preSolution
		Debug|Any CPU = Debug|Any CPU
		Release|Any CPU = Release|Any CPU
	EndGlobalSection
	GlobalSection(ProjectConfigurationPlatforms) = postSolution
		{EB2CF6D4-1CE9-416D-B44B-2C9649976DE3}.Debug|Any CPU.ActiveCfg = Debug|Any CPU
		{EB2CF6D4-1CE9-416D-B44B-2C9649976DE3}.Debug|Any CPU.Build.0 = Debug|Any CPU
		{EB2CF6D4-1CE9-416D-B44B-2C9649976DE3}.Release|Any CPU.ActiveCfg = Release|Any CPU
		{EB2CF6D4-1CE9-416D-B44B-2C9649976DE3}.Release|Any CPU.Build.0 = Release|Any CPU
		{007BD4FD-3E37-4702-9232-421AC0E8065F}.Debug|Any CPU.ActiveCfg = Debug|Any CPU
		{007BD4FD-3E37-4702-9232-421AC0E8065F}.Debug|Any CPU.Build.0 = Debug|Any CPU
		{007BD4FD-3E37-4702-9232-421AC0E8065F}.Release|Any CPU.ActiveCfg = Debug|Any CPU
		{007BD4FD-3E37-4702-9232-421AC0E8065F}.Release|Any CPU.Build.0 = Debug|Any CPU
		{617EE2CC-4F0A-4C94-8191-25F4E3012270}.Debug|Any CPU.ActiveCfg = Debug|Any CPU
		{617EE2CC-4F0A-4C94-8191-25F4E3012270}.Debug|Any CPU.Build.0 = Debug|Any CPU
		{617EE2CC-4F0A-4C94-8191-25F4E3012270}.Release|Any CPU.ActiveCfg = Release|Any CPU
		{617EE2CC-4F0A-4C94-8191-25F4E3012270}.Release|Any CPU.Build.0 = Release|Any CPU
	EndGlobalSection
	GlobalSection(SolutionProperties) = preSolution
		HideSolutionNode = FALSE
	EndGlobalSection
	GlobalSection(ExtensibilityGlobals) = postSolution
		SolutionGuid = {2DF5BF8F-307B-4727-B140-1883A115DA5F}
	EndGlobalSection
EndGlobal
